{
  "pins" : [
    {
      "identity" : "libxlsxwriter",
      "kind" : "remoteSourceControl",
      "location" : "https://github.com/TheAcharya/libxlsxwriter",
      "state" : {
        "revision" : "c89c55122116a829fc1442e784b8026be9868239",
        "version" : "1.1.7"
      }
    }
  ],
  "version" : 2
}
